
Microsoft Visual Studio Solution File, Format Version 12.00
# Visual Studio Version 16
VisualStudioVersion = 16.0.31025.194
MinimumVisualStudioVersion = 10.0.40219.1
Project("{FAE04EC0-301F-11D3-BF4B-00C04F79EFBC}") = "DevelopmentTrials.MyExampleEG", "DevelopmentTrials.MyExampleEG\DevelopmentTrials.MyExampleEG.csproj", "{4693D99D-2EBF-47ED-8AB0-FAB86DDA75E1}"
EndProject
Project("{FAE04EC0-301F-11D3-BF4B-00C04F79EFBC}") = "DevelopmentTrails.SharedModels", "DevelopmentTrails.SharedModels\DevelopmentTrails.SharedModels.csproj", "{D5B7864C-9851-4DDC-A8D5-C3BB2520B5C0}"
EndProject
Project("{FAE04EC0-301F-11D3-BF4B-00C04F79EFBC}") = "DevelopmentTrials.DataAccessLayer", "DevelopmentTrials.DataAccessLayer\DevelopmentTrials.DataAccessLayer.csproj", "{63B79A0F-0D3B-456C-913F-B9FB017946F4}"
EndProject
Project("{FAE04EC0-301F-11D3-BF4B-00C04F79EFBC}") = "DevelopmentTrials.MailService", "DevelopmentTrials.MailService\DevelopmentTrials.MailService.csproj", "{72CB6B09-A16F-4B38-8D04-1094C15095EA}"
EndProject
Project("{FAE04EC0-301F-11D3-BF4B-00C04F79EFBC}") = "DevelopmentTrials.MessageBroker", "DevelopmentTrials.MessageBroker\DevelopmentTrials.MessageBroker.csproj", "{EC2422C5-D20E-4F8F-A2CE-4E201967ED66}"
EndProject
Global
	GlobalSection(SolutionConfigurationPlatforms) = preSolution
		Debug|Any CPU = Debug|Any CPU
		Release|Any CPU = Release|Any CPU
	EndGlobalSection
	GlobalSection(ProjectConfigurationPlatforms) = postSolution
		{4693D99D-2EBF-47ED-8AB0-FAB86DDA75E1}.Debug|Any CPU.ActiveCfg = Debug|Any CPU
		{4693D99D-2EBF-47ED-8AB0-FAB86DDA75E1}.Debug|Any CPU.Build.0 = Debug|Any CPU
		{4693D99D-2EBF-47ED-8AB0-FAB86DDA75E1}.Release|Any CPU.ActiveCfg = Release|Any CPU
		{4693D99D-2EBF-47ED-8AB0-FAB86DDA75E1}.Release|Any CPU.Build.0 = Release|Any CPU
		{D5B7864C-9851-4DDC-A8D5-C3BB2520B5C0}.Debug|Any CPU.ActiveCfg = Debug|Any CPU
		{D5B7864C-9851-4DDC-A8D5-C3BB2520B5C0}.Debug|Any CPU.Build.0 = Debug|Any CPU
		{D5B7864C-9851-4DDC-A8D5-C3BB2520B5C0}.Release|Any CPU.ActiveCfg = Release|Any CPU
		{D5B7864C-9851-4DDC-A8D5-C3BB2520B5C0}.Release|Any CPU.Build.0 = Release|Any CPU
		{63B79A0F-0D3B-456C-913F-B9FB017946F4}.Debug|Any CPU.ActiveCfg = Debug|Any CPU
		{63B79A0F-0D3B-456C-913F-B9FB017946F4}.Debug|Any CPU.Build.0 = Debug|Any CPU
		{63B79A0F-0D3B-456C-913F-B9FB017946F4}.Release|Any CPU.ActiveCfg = Release|Any CPU
		{63B79A0F-0D3B-456C-913F-B9FB017946F4}.Release|Any CPU.Build.0 = Release|Any CPU
		{72CB6B09-A16F-4B38-8D04-1094C15095EA}.Debug|Any CPU.ActiveCfg = Debug|Any CPU
		{72CB6B09-A16F-4B38-8D04-1094C15095EA}.Debug|Any CPU.Build.0 = Debug|Any CPU
		{72CB6B09-A16F-4B38-8D04-1094C15095EA}.Release|Any CPU.ActiveCfg = Release|Any CPU
		{72CB6B09-A16F-4B38-8D04-1094C15095EA}.Release|Any CPU.Build.0 = Release|Any CPU
		{EC2422C5-D20E-4F8F-A2CE-4E201967ED66}.Debug|Any CPU.ActiveCfg = Debug|Any CPU
		{EC2422C5-D20E-4F8F-A2CE-4E201967ED66}.Debug|Any CPU.Build.0 = Debug|Any CPU
		{EC2422C5-D20E-4F8F-A2CE-4E201967ED66}.Release|Any CPU.ActiveCfg = Release|Any CPU
		{EC2422C5-D20E-4F8F-A2CE-4E201967ED66}.Release|Any CPU.Build.0 = Release|Any CPU
	EndGlobalSection
	GlobalSection(SolutionProperties) = preSolution
		HideSolutionNode = FALSE
	EndGlobalSection
	GlobalSection(ExtensibilityGlobals) = postSolution
		SolutionGuid = {77D008CF-C97C-4A62-8CF8-8175A76FB650}
	EndGlobalSection
EndGlobal
